
Microsoft Visual Studio Solution File, Format Version 12.00
# Visual Studio Version 17
VisualStudioVersion = 17.4.33103.184
MinimumVisualStudioVersion = 10.0.40219.1
Project("{FAE04EC0-301F-11D3-BF4B-00C04F79EFBC}") = "GitHubActionsDemo", "GitHubActionsDemo\GitHubActionsDemo.csproj", "{9888FB70-9232-4613-AA97-9A4A17DEA818}"
EndProject
Global
	GlobalSection(SolutionConfigurationPlatforms) = preSolution
		Debug|Any CPU = Debug|Any CPU
		Release|Any CPU = Release|Any CPU
	EndGlobalSection
	GlobalSection(ProjectConfigurationPlatforms) = postSolution
		{9888FB70-9232-4613-AA97-9A4A17DEA818}.Debug|Any CPU.ActiveCfg = Debug|Any CPU
		{9888FB70-9232-4613-AA97-9A4A17DEA818}.Debug|Any CPU.Build.0 = Debug|Any CPU
		{9888FB70-9232-4613-AA97-9A4A17DEA818}.Release|Any CPU.ActiveCfg = Release|Any CPU
		{9888FB70-9232-4613-AA97-9A4A17DEA818}.Release|Any CPU.Build.0 = Release|Any CPU
	EndGlobalSection
	GlobalSection(SolutionProperties) = preSolution
		HideSolutionNode = FALSE
	EndGlobalSection
	GlobalSection(ExtensibilityGlobals) = postSolution
		SolutionGuid = {D6BFD88D-25D2-4512-A3B1-66C86F5D1BB6}
	EndGlobalSection
EndGlobal
